// !$*UTF8*$!
{
	archiveVersion = 1;
	classes = {
	};
	objectVersion = 56;
	objects = {

/* Begin PBXBuildFile section */
		2761B0C02C429DDD00560CAF /* flowerPotApp.swift in Sources */ = {isa = PBXBuildFile; fileRef = 2761B0BF2C429DDD00560CAF /* flowerPotApp.swift */; };
		2761B0C22C429DDD00560CAF /* ContentView.swift in Sources */ = {isa = PBXBuildFile; fileRef = 2761B0C12C429DDD00560CAF /* ContentView.swift */; };
		2761B0C42C429DDF00560CAF /* Assets.xcassets in Resources */ = {isa = PBXBuildFile; fileRef = 2761B0C32C429DDF00560CAF /* Assets.xcassets */; };
		2761B0C72C429DDF00560CAF /* Preview Assets.xcassets in Resources */ = {isa = PBXBuildFile; fileRef = 2761B0C62C429DDF00560CAF /* Preview Assets.xcassets */; };
		2761B0D22C429DDF00560CAF /* flowerPotTests.swift in Sources */ = {isa = PBXBuildFile; fileRef = 2761B0D12C429DDF00560CAF /* flowerPotTests.swift */; };
		2761B0DC2C429DDF00560CAF /* flowerPotUITests.swift in Sources */ = {isa = PBXBuildFile; fileRef = 2761B0DB2C429DDF00560CAF /* flowerPotUITests.swift */; };
		2761B0DE2C429DDF00560CAF /* flowerPotUITestsLaunchTests.swift in Sources */ = {isa = PBXBuildFile; fileRef = 2761B0DD2C429DDF00560CAF /* flowerPotUITestsLaunchTests.swift */; };
		2761B0EB2C42A5A200560CAF /* CircleImage.swift in Sources */ = {isa = PBXBuildFile; fileRef = 2761B0EA2C42A5A200560CAF /* CircleImage.swift */; };
		2761B0ED2C42A85F00560CAF /* MapView.swift in Sources */ = {isa = PBXBuildFile; fileRef = 2761B0EC2C42A85F00560CAF /* MapView.swift */; };
/* End PBXBuildFile section */

/* Begin PBXContainerItemProxy section */
		2761B0CE2C429DDF00560CAF /* PBXContainerItemProxy */ = {
			isa = PBXContainerItemProxy;
			containerPortal = 2761B0B42C429DDD00560CAF /* Project object */;
			proxyType = 1;
			remoteGlobalIDString = 2761B0BB2C429DDD00560CAF;
			remoteInfo = flowerPot;
		};
		2761B0D82C429DDF00560CAF /* PBXContainerItemProxy */ = {
			isa = PBXContainerItemProxy;
			containerPortal = 2761B0B42C429DDD00560CAF /* Project object */;
			proxyType = 1;
			remoteGlobalIDString = 2761B0BB2C429DDD00560CAF;
			remoteInfo = flowerPot;
		};
/* End PBXContainerItemProxy section */

/* Begin PBXFileReference section */
		2761B0BC2C429DDD00560CAF /* flowerPot.app */ = {isa = PBXFileReference; explicitFileType = wrapper.application; includeInIndex = 0; path = flowerPot.app; sourceTree = BUILT_PRODUCTS_DIR; };
		2761B0BF2C429DDD00560CAF /* flowerPotApp.swift */ = {isa = PBXFileReference; lastKnownFileType = sourcecode.swift; path = flowerPotApp.swift; sourceTree = "<group>"; };
		2761B0C12C429DDD00560CAF /* ContentView.swift */ = {isa = PBXFileReference; lastKnownFileType = sourcecode.swift; path = ContentView.swift; sourceTree = "<group>"; };
		2761B0C32C429DDF00560CAF /* Assets.xcassets */ = {isa = PBXFileReference; lastKnownFileType = folder.assetcatalog; path = Assets.xcassets; sourceTree = "<group>"; };
		2761B0C62C429DDF00560CAF /* Preview Assets.xcassets */ = {isa = PBXFileReference; lastKnownFileType = folder.assetcatalog; path = "Preview Assets.xcassets"; sourceTree = "<group>"; };
		2761B0C82C429DDF00560CAF /* flowerPot.entitlements */ = {isa = PBXFileReference; lastKnownFileType = text.plist.entitlements; path = flowerPot.entitlements; sourceTree = "<group>"; };
		2761B0CD2C429DDF00560CAF /* flowerPotTests.xctest */ = {isa = PBXFileReference; explicitFileType = wrapper.cfbundle; includeInIndex = 0; path = flowerPotTests.xctest; sourceTree = BUILT_PRODUCTS_DIR; };
		2761B0D12C429DDF00560CAF /* flowerPotTests.swift */ = {isa = PBXFileReference; lastKnownFileType = sourcecode.swift; path = flowerPotTests.swift; sourceTree = "<group>"; };
		2761B0D72C429DDF00560CAF /* flowerPotUITests.xctest */ = {isa = PBXFileReference; explicitFileType = wrapper.cfbundle; includeInIndex = 0; path = flowerPotUITests.xctest; sourceTree = BUILT_PRODUCTS_DIR; };
		2761B0DB2C429DDF00560CAF /* flowerPotUITests.swift */ = {isa = PBXFileReference; lastKnownFileType = sourcecode.swift; path = flowerPotUITests.swift; sourceTree = "<group>"; };
		2761B0DD2C429DDF00560CAF /* flowerPotUITestsLaunchTests.swift */ = {isa = PBXFileReference; lastKnownFileType = sourcecode.swift; path = flowerPotUITestsLaunchTests.swift; sourceTree = "<group>"; };
		2761B0EA2C42A5A200560CAF /* CircleImage.swift */ = {isa = PBXFileReference; lastKnownFileType = sourcecode.swift; path = CircleImage.swift; sourceTree = "<group>"; };
		2761B0EC2C42A85F00560CAF /* MapView.swift */ = {isa = PBXFileReference; lastKnownFileType = sourcecode.swift; path = MapView.swift; sourceTree = "<group>"; };
/* End PBXFileReference section */

/* Begin PBXFrameworksBuildPhase section */
		2761B0B92C429DDD00560CAF /* Frameworks */ = {
			isa = PBXFrameworksBuildPhase;
			buildActionMask = 2147483647;
			files = (
			);
			runOnlyForDeploymentPostprocessing = 0;
		};
		2761B0CA2C429DDF00560CAF /* Frameworks */ = {
			isa = PBXFrameworksBuildPhase;
			buildActionMask = 2147483647;
			files = (
			);
			runOnlyForDeploymentPostprocessing = 0;
		};
		2761B0D42C429DDF00560CAF /* Frameworks */ = {
			isa = PBXFrameworksBuildPhase;
			buildActionMask = 2147483647;
			files = (
			);
			runOnlyForDeploymentPostprocessing = 0;
		};
/* End PBXFrameworksBuildPhase section */

/* Begin PBXGroup section */
		2761B0B32C429DDD00560CAF = {
			isa = PBXGroup;
			children = (
				2761B0BE2C429DDD00560CAF /* flowerPot */,
				2761B0D02C429DDF00560CAF /* flowerPotTests */,
				2761B0DA2C429DDF00560CAF /* flowerPotUITests */,
				2761B0BD2C429DDD00560CAF /* Products */,
			);
			sourceTree = "<group>";
		};
		2761B0BD2C429DDD00560CAF /* Products */ = {
			isa = PBXGroup;
			children = (
				2761B0BC2C429DDD00560CAF /* flowerPot.app */,
				2761B0CD2C429DDF00560CAF /* flowerPotTests.xctest */,
				2761B0D72C429DDF00560CAF /* flowerPotUITests.xctest */,
			);
			name = Products;
			sourceTree = "<group>";
		};
		2761B0BE2C429DDD00560CAF /* flowerPot */ = {
			isa = PBXGroup;
			children = (
				2761B0BF2C429DDD00560CAF /* flowerPotApp.swift */,
				2761B0C12C429DDD00560CAF /* ContentView.swift */,
				2761B0EA2C42A5A200560CAF /* CircleImage.swift */,
				2761B0EC2C42A85F00560CAF /* MapView.swift */,
				2761B0C32C429DDF00560CAF /* Assets.xcassets */,
				2761B0C82C429DDF00560CAF /* flowerPot.entitlements */,
				2761B0C52C429DDF00560CAF /* Preview Content */,
			);
			path = flowerPot;
			sourceTree = "<group>";
		};
		2761B0C52C429DDF00560CAF /* Preview Content */ = {
			isa = PBXGroup;
			children = (
				2761B0C62C429DDF00560CAF /* Preview Assets.xcassets */,
			);
			path = "Preview Content";
			sourceTree = "<group>";
		};
		2761B0D02C429DDF00560CAF /* flowerPotTests */ = {
			isa = PBXGroup;
			children = (
				2761B0D12C429DDF00560CAF /* flowerPotTests.swift */,
			);
			path = flowerPotTests;
			sourceTree = "<group>";
		};
		2761B0DA2C429DDF00560CAF /* flowerPotUITests */ = {
			isa = PBXGroup;
			children = (
				2761B0DB2C429DDF00560CAF /* flowerPotUITests.swift */,
				2761B0DD2C429DDF00560CAF /* flowerPotUITestsLaunchTests.swift */,
			);
			path = flowerPotUITests;
			sourceTree = "<group>";
		};
/* End PBXGroup section */

/* Begin PBXNativeTarget section */
		2761B0BB2C429DDD00560CAF /* flowerPot */ = {
			isa = PBXNativeTarget;
			buildConfigurationList = 2761B0E12C429DDF00560CAF /* Build configuration list for PBXNativeTarget "flowerPot" */;
			buildPhases = (
				2761B0B82C429DDD00560CAF /* Sources */,
				2761B0B92C429DDD00560CAF /* Frameworks */,
				2761B0BA2C429DDD00560CAF /* Resources */,
			);
			buildRules = (
			);
			dependencies = (
			);
			name = flowerPot;
			productName = flowerPot;
			productReference = 2761B0BC2C429DDD00560CAF /* flowerPot.app */;
			productType = "com.apple.product-type.application";
		};
		2761B0CC2C429DDF00560CAF /* flowerPotTests */ = {
			isa = PBXNativeTarget;
			buildConfigurationList = 2761B0E42C429DDF00560CAF /* Build configuration list for PBXNativeTarget "flowerPotTests" */;
			buildPhases = (
				2761B0C92C429DDF00560CAF /* Sources */,
				2761B0CA2C429DDF00560CAF /* Frameworks */,
				2761B0CB2C429DDF00560CAF /* Resources */,
			);
			buildRules = (
			);
			dependencies = (
				2761B0CF2C429DDF00560CAF /* PBXTargetDependency */,
			);
			name = flowerPotTests;
			productName = flowerPotTests;
			productReference = 2761B0CD2C429DDF00560CAF /* flowerPotTests.xctest */;
			productType = "com.apple.product-type.bundle.unit-test";
		};
		2761B0D62C429DDF00560CAF /* flowerPotUITests */ = {
			isa = PBXNativeTarget;
			buildConfigurationList = 2761B0E72C429DDF00560CAF /* Build configuration list for PBXNativeTarget "flowerPotUITests" */;
			buildPhases = (
				2761B0D32C429DDF00560CAF /* Sources */,
				2761B0D42C429DDF00560CAF /* Frameworks */,
				2761B0D52C429DDF00560CAF /* Resources */,
			);
			buildRules = (
			);
			dependencies = (
				2761B0D92C429DDF00560CAF /* PBXTargetDependency */,
			);
			name = flowerPotUITests;
			productName = flowerPotUITests;
			productReference = 2761B0D72C429DDF00560CAF /* flowerPotUITests.xctest */;
			productType = "com.apple.product-type.bundle.ui-testing";
		};
/* End PBXNativeTarget section */

/* Begin PBXProject section */
		2761B0B42C429DDD00560CAF /* Project object */ = {
			isa = PBXProject;
			attributes = {
				BuildIndependentTargetsInParallel = 1;
				LastSwiftUpdateCheck = 1540;
				LastUpgradeCheck = 1540;
				TargetAttributes = {
					2761B0BB2C429DDD00560CAF = {
						CreatedOnToolsVersion = 15.4;
					};
					2761B0CC2C429DDF00560CAF = {
						CreatedOnToolsVersion = 15.4;
						TestTargetID = 2761B0BB2C429DDD00560CAF;
					};
					2761B0D62C429DDF00560CAF = {
						CreatedOnToolsVersion = 15.4;
						TestTargetID = 2761B0BB2C429DDD00560CAF;
					};
				};
			};
			buildConfigurationList = 2761B0B72C429DDD00560CAF /* Build configuration list for PBXProject "flowerPot" */;
			compatibilityVersion = "Xcode 14.0";
			developmentRegion = en;
			hasScannedForEncodings = 0;
			knownRegions = (
				en,
				Base,
			);
			mainGroup = 2761B0B32C429DDD00560CAF;
			productRefGroup = 2761B0BD2C429DDD00560CAF /* Products */;
			projectDirPath = "";
			projectRoot = "";
			targets = (
				2761B0BB2C429DDD00560CAF /* flowerPot */,
				2761B0CC2C429DDF00560CAF /* flowerPotTests */,
				2761B0D62C429DDF00560CAF /* flowerPotUITests */,
			);
		};
/* End PBXProject section */

/* Begin PBXResourcesBuildPhase section */
		2761B0BA2C429DDD00560CAF /* Resources */ = {
			isa = PBXResourcesBuildPhase;
			buildActionMask = 2147483647;
			files = (
				2761B0C72C429DDF00560CAF /* Preview Assets.xcassets in Resources */,
				2761B0C42C429DDF00560CAF /* Assets.xcassets in Resources */,
			);
			runOnlyForDeploymentPostprocessing = 0;
		};
		2761B0CB2C429DDF00560CAF /* Resources */ = {
			isa = PBXResourcesBuildPhase;
			buildActionMask = 2147483647;
			files = (
			);
			runOnlyForDeploymentPostprocessing = 0;
		};
		2761B0D52C429DDF00560CAF /* Resources */ = {
			isa = PBXResourcesBuildPhase;
			buildActionMask = 2147483647;
			files = (
			);
			runOnlyForDeploymentPostprocessing = 0;
		};
/* End PBXResourcesBuildPhase section */

/* Begin PBXSourcesBuildPhase section */
		2761B0B82C429DDD00560CAF /* Sources */ = {
			isa = PBXSourcesBuildPhase;
			buildActionMask = 2147483647;
			files = (
				2761B0C22C429DDD00560CAF /* ContentView.swift in Sources */,
				2761B0ED2C42A85F00560CAF /* MapView.swift in Sources */,
				2761B0C02C429DDD00560CAF /* flowerPotApp.swift in Sources */,
				2761B0EB2C42A5A200560CAF /* CircleImage.swift in Sources */,
			);
			runOnlyForDeploymentPostprocessing = 0;
		};
		2761B0C92C429DDF00560CAF /* Sources */ = {
			isa = PBXSourcesBuildPhase;
			buildActionMask = 2147483647;
			files = (
				2761B0D22C429DDF00560CAF /* flowerPotTests.swift in Sources */,
			);
			runOnlyForDeploymentPostprocessing = 0;
		};
		2761B0D32C429DDF00560CAF /* Sources */ = {
			isa = PBXSourcesBuildPhase;
			buildActionMask = 2147483647;
			files = (
				2761B0DC2C429DDF00560CAF /* flowerPotUITests.swift in Sources */,
				2761B0DE2C429DDF00560CAF /* flowerPotUITestsLaunchTests.swift in Sources */,
			);
			runOnlyForDeploymentPostprocessing = 0;
		};
/* End PBXSourcesBuildPhase section */

/* Begin PBXTargetDependency section */
		2761B0CF2C429DDF00560CAF /* PBXTargetDependency */ = {
			isa = PBXTargetDependency;
			target = 2761B0BB2C429DDD00560CAF /* flowerPot */;
			targetProxy = 2761B0CE2C429DDF00560CAF /* PBXContainerItemProxy */;
		};
		2761B0D92C429DDF00560CAF /* PBXTargetDependency */ = {
			isa = PBXTargetDependency;
			target = 2761B0BB2C429DDD00560CAF /* flowerPot */;
			targetProxy = 2761B0D82C429DDF00560CAF /* PBXContainerItemProxy */;
		};
/* End PBXTargetDependency section */

/* Begin XCBuildConfiguration section */
		2761B0DF2C429DDF00560CAF /* Debug */ = {
			isa = XCBuildConfiguration;
			buildSettings = {
				ALWAYS_SEARCH_USER_PATHS = NO;
				ASSETCATALOG_COMPILER_GENERATE_SWIFT_ASSET_SYMBOL_EXTENSIONS = YES;
				CLANG_ANALYZER_NONNULL = YES;
				CLANG_ANALYZER_NUMBER_OBJECT_CONVERSION = YES_AGGRESSIVE;
				CLANG_CXX_LANGUAGE_STANDARD = "gnu++20";
				CLANG_ENABLE_MODULES = YES;
				CLANG_ENABLE_OBJC_ARC = YES;
				CLANG_ENABLE_OBJC_WEAK = YES;
				CLANG_WARN_BLOCK_CAPTURE_AUTORELEASING = YES;
				CLANG_WARN_BOOL_CONVERSION = YES;
				CLANG_WARN_COMMA = YES;
				CLANG_WARN_CONSTANT_CONVERSION = YES;
				CLANG_WARN_DEPRECATED_OBJC_IMPLEMENTATIONS = YES;
				CLANG_WARN_DIRECT_OBJC_ISA_USAGE = YES_ERROR;
				CLANG_WARN_DOCUMENTATION_COMMENTS = YES;
				CLANG_WARN_EMPTY_BODY = YES;
				CLANG_WARN_ENUM_CONVERSION = YES;
				CLANG_WARN_INFINITE_RECURSION = YES;
				CLANG_WARN_INT_CONVERSION = YES;
				CLANG_WARN_NON_LITERAL_NULL_CONVERSION = YES;
				CLANG_WARN_OBJC_IMPLICIT_RETAIN_SELF = YES;
				CLANG_WARN_OBJC_LITERAL_CONVERSION = YES;
				CLANG_WARN_OBJC_ROOT_CLASS = YES_ERROR;
				CLANG_WARN_QUOTED_INCLUDE_IN_FRAMEWORK_HEADER = YES;
				CLANG_WARN_RANGE_LOOP_ANALYSIS = YES;
				CLANG_WARN_STRICT_PROTOTYPES = YES;
				CLANG_WARN_SUSPICIOUS_MOVE = YES;
				CLANG_WARN_UNGUARDED_AVAILABILITY = YES_AGGRESSIVE;
				CLANG_WARN_UNREACHABLE_CODE = YES;
				CLANG_WARN__DUPLICATE_METHOD_MATCH = YES;
				COPY_PHASE_STRIP = NO;
				DEBUG_INFORMATION_FORMAT = dwarf;
				ENABLE_STRICT_OBJC_MSGSEND = YES;
				ENABLE_TESTABILITY = YES;
				ENABLE_USER_SCRIPT_SANDBOXING = YES;
				GCC_C_LANGUAGE_STANDARD = gnu17;
				GCC_DYNAMIC_NO_PIC = NO;
				GCC_NO_COMMON_BLOCKS = YES;
				GCC_OPTIMIZATION_LEVEL = 0;
				GCC_PREPROCESSOR_DEFINITIONS = (
					"DEBUG=1",
					"$(inherited)",
				);
				GCC_WARN_64_TO_32_BIT_CONVERSION = YES;
				GCC_WARN_ABOUT_RETURN_TYPE = YES_ERROR;
				GCC_WARN_UNDECLARED_SELECTOR = YES;
				GCC_WARN_UNINITIALIZED_AUTOS = YES_AGGRESSIVE;
				GCC_WARN_UNUSED_FUNCTION = YES;
				GCC_WARN_UNUSED_VARIABLE = YES;
				LOCALIZATION_PREFERS_STRING_CATALOGS = YES;
				MACOSX_DEPLOYMENT_TARGET = 14.5;
				MTL_ENABLE_DEBUG_INFO = INCLUDE_SOURCE;
				MTL_FAST_MATH = YES;
				ONLY_ACTIVE_ARCH = YES;
				SDKROOT = macosx;
				SWIFT_ACTIVE_COMPILATION_CONDITIONS = "DEBUG $(inherited)";
				SWIFT_OPTIMIZATION_LEVEL = "-Onone";
			};
			name = Debug;
		};
		2761B0E02C429DDF00560CAF /* Release */ = {
			isa = XCBuildConfiguration;
			buildSettings = {
				ALWAYS_SEARCH_USER_PATHS = NO;
				ASSETCATALOG_COMPILER_GENERATE_SWIFT_ASSET_SYMBOL_EXTENSIONS = YES;
				CLANG_ANALYZER_NONNULL = YES;
				CLANG_ANALYZER_NUMBER_OBJECT_CONVERSION = YES_AGGRESSIVE;
				CLANG_CXX_LANGUAGE_STANDARD = "gnu++20";
				CLANG_ENABLE_MODULES = YES;
				CLANG_ENABLE_OBJC_ARC = YES;
				CLANG_ENABLE_OBJC_WEAK = YES;
				CLANG_WARN_BLOCK_CAPTURE_AUTORELEASING = YES;
				CLANG_WARN_BOOL_CONVERSION = YES;
				CLANG_WARN_COMMA = YES;
				CLANG_WARN_CONSTANT_CONVERSION = YES;
				CLANG_WARN_DEPRECATED_OBJC_IMPLEMENTATIONS = YES;
				CLANG_WARN_DIRECT_OBJC_ISA_USAGE = YES_ERROR;
				CLANG_WARN_DOCUMENTATION_COMMENTS = YES;
				CLANG_WARN_EMPTY_BODY = YES;
				CLANG_WARN_ENUM_CONVERSION = YES;
				CLANG_WARN_INFINITE_RECURSION = YES;
				CLANG_WARN_INT_CONVERSION = YES;
				CLANG_WARN_NON_LITERAL_NULL_CONVERSION = YES;
				CLANG_WARN_OBJC_IMPLICIT_RETAIN_SELF = YES;
				CLANG_WARN_OBJC_LITERAL_CONVERSION = YES;
				CLANG_WARN_OBJC_ROOT_CLASS = YES_ERROR;
				CLANG_WARN_QUOTED_INCLUDE_IN_FRAMEWORK_HEADER = YES;
				CLANG_WARN_RANGE_LOOP_ANALYSIS = YES;
				CLANG_WARN_STRICT_PROTOTYPES = YES;
				CLANG_WARN_SUSPICIOUS_MOVE = YES;
				CLANG_WARN_UNGUARDED_AVAILABILITY = YES_AGGRESSIVE;
				CLANG_WARN_UNREACHABLE_CODE = YES;
				CLANG_WARN__DUPLICATE_METHOD_MATCH = YES;
				COPY_PHASE_STRIP = NO;
				DEBUG_INFORMATION_FORMAT = "dwarf-with-dsym";
				ENABLE_NS_ASSERTIONS = NO;
				ENABLE_STRICT_OBJC_MSGSEND = YES;
				ENABLE_USER_SCRIPT_SANDBOXING = YES;
				GCC_C_LANGUAGE_STANDARD = gnu17;
				GCC_NO_COMMON_BLOCKS = YES;
				GCC_WARN_64_TO_32_BIT_CONVERSION = YES;
				GCC_WARN_ABOUT_RETURN_TYPE = YES_ERROR;
				GCC_WARN_UNDECLARED_SELECTOR = YES;
				GCC_WARN_UNINITIALIZED_AUTOS = YES_AGGRESSIVE;
				GCC_WARN_UNUSED_FUNCTION = YES;
				GCC_WARN_UNUSED_VARIABLE = YES;
				LOCALIZATION_PREFERS_STRING_CATALOGS = YES;
				MACOSX_DEPLOYMENT_TARGET = 14.5;
				MTL_ENABLE_DEBUG_INFO = NO;
				MTL_FAST_MATH = YES;
				SDKROOT = macosx;
				SWIFT_COMPILATION_MODE = wholemodule;
			};
			name = Release;
		};
		2761B0E22C429DDF00560CAF /* Debug */ = {
			isa = XCBuildConfiguration;
			buildSettings = {
				ASSETCATALOG_COMPILER_APPICON_NAME = AppIcon;
				ASSETCATALOG_COMPILER_GLOBAL_ACCENT_COLOR_NAME = AccentColor;
				CODE_SIGN_ENTITLEMENTS = flowerPot/flowerPot.entitlements;
				CODE_SIGN_IDENTITY = "Apple Development";
				"CODE_SIGN_IDENTITY[sdk=macosx*]" = "Apple Development";
				CODE_SIGN_STYLE = Automatic;
				COMBINE_HIDPI_IMAGES = YES;
				CURRENT_PROJECT_VERSION = 1;
				DEVELOPMENT_ASSET_PATHS = "\"flowerPot/Preview Content\"";
				DEVELOPMENT_TEAM = 8KKCRUJPL5;
				ENABLE_PREVIEWS = YES;
				GENERATE_INFOPLIST_FILE = YES;
				INFOPLIST_KEY_NSHumanReadableCopyright = "";
				LD_RUNPATH_SEARCH_PATHS = (
					"$(inherited)",
					"@executable_path/../Frameworks",
				);
				MARKETING_VERSION = 1.0;
				PRODUCT_BUNDLE_IDENTIFIER = Terre8055.flowerPot;
				PRODUCT_NAME = "$(TARGET_NAME)";
				PROVISIONING_PROFILE_SPECIFIER = "";
				SWIFT_EMIT_LOC_STRINGS = YES;
				SWIFT_VERSION = 5.0;
			};
			name = Debug;
		};
		2761B0E32C429DDF00560CAF /* Release */ = {
			isa = XCBuildConfiguration;
			buildSettings = {
				ASSETCATALOG_COMPILER_APPICON_NAME = AppIcon;
				ASSETCATALOG_COMPILER_GLOBAL_ACCENT_COLOR_NAME = AccentColor;
				CODE_SIGN_ENTITLEMENTS = flowerPot/flowerPot.entitlements;
				CODE_SIGN_IDENTITY = "Apple Development";
				"CODE_SIGN_IDENTITY[sdk=macosx*]" = "Apple Development";
				CODE_SIGN_STYLE = Automatic;
				COMBINE_HIDPI_IMAGES = YES;
				CURRENT_PROJECT_VERSION = 1;
				DEVELOPMENT_ASSET_PATHS = "\"flowerPot/Preview Content\"";
				DEVELOPMENT_TEAM = 8KKCRUJPL5;
				ENABLE_PREVIEWS = YES;
				GENERATE_INFOPLIST_FILE = YES;
				INFOPLIST_KEY_NSHumanReadableCopyright = "";
				LD_RUNPATH_SEARCH_PATHS = (
					"$(inherited)",
					"@executable_path/../Frameworks",
				);
				MARKETING_VERSION = 1.0;
				PRODUCT_BUNDLE_IDENTIFIER = Terre8055.flowerPot;
				PRODUCT_NAME = "$(TARGET_NAME)";
				PROVISIONING_PROFILE_SPECIFIER = "";
				SWIFT_EMIT_LOC_STRINGS = YES;
				SWIFT_VERSION = 5.0;
			};
			name = Release;
		};
		2761B0E52C429DDF00560CAF /* Debug */ = {
			isa = XCBuildConfiguration;
			buildSettings = {
				ALWAYS_EMBED_SWIFT_STANDARD_LIBRARIES = YES;
				BUNDLE_LOADER = "$(TEST_HOST)";
				CODE_SIGN_STYLE = Automatic;
				CURRENT_PROJECT_VERSION = 1;
				DEVELOPMENT_TEAM = 8KKCRUJPL5;
				GENERATE_INFOPLIST_FILE = YES;
				MACOSX_DEPLOYMENT_TARGET = 14.5;
				MARKETING_VERSION = 1.0;
				PRODUCT_BUNDLE_IDENTIFIER = Terre8055.flowerPotTests;
				PRODUCT_NAME = "$(TARGET_NAME)";
				SWIFT_EMIT_LOC_STRINGS = NO;
				SWIFT_VERSION = 5.0;
				TEST_HOST = "$(BUILT_PRODUCTS_DIR)/flowerPot.app/$(BUNDLE_EXECUTABLE_FOLDER_PATH)/flowerPot";
			};
			name = Debug;
		};
		2761B0E62C429DDF00560CAF /* Release */ = {
			isa = XCBuildConfiguration;
			buildSettings = {
				ALWAYS_EMBED_SWIFT_STANDARD_LIBRARIES = YES;
				BUNDLE_LOADER = "$(TEST_HOST)";
				CODE_SIGN_STYLE = Automatic;
				CURRENT_PROJECT_VERSION = 1;
				DEVELOPMENT_TEAM = 8KKCRUJPL5;
				GENERATE_INFOPLIST_FILE = YES;
				MACOSX_DEPLOYMENT_TARGET = 14.5;
				MARKETING_VERSION = 1.0;
				PRODUCT_BUNDLE_IDENTIFIER = Terre8055.flowerPotTests;
				PRODUCT_NAME = "$(TARGET_NAME)";
				SWIFT_EMIT_LOC_STRINGS = NO;
				SWIFT_VERSION = 5.0;
				TEST_HOST = "$(BUILT_PRODUCTS_DIR)/flowerPot.app/$(BUNDLE_EXECUTABLE_FOLDER_PATH)/flowerPot";
			};
			name = Release;
		};
		2761B0E82C429DDF00560CAF /* Debug */ = {
			isa = XCBuildConfiguration;
			buildSettings = {
				ALWAYS_EMBED_SWIFT_STANDARD_LIBRARIES = YES;
				CODE_SIGN_STYLE = Automatic;
				CURRENT_PROJECT_VERSION = 1;
				DEVELOPMENT_TEAM = 8KKCRUJPL5;
				GENERATE_INFOPLIST_FILE = YES;
				MARKETING_VERSION = 1.0;
				PRODUCT_BUNDLE_IDENTIFIER = Terre8055.flowerPotUITests;
				PRODUCT_NAME = "$(TARGET_NAME)";
				SWIFT_EMIT_LOC_STRINGS = NO;
				SWIFT_VERSION = 5.0;
				TEST_TARGET_NAME = flowerPot;
			};
			name = Debug;
		};
		2761B0E92C429DDF00560CAF /* Release */ = {
			isa = XCBuildConfiguration;
			buildSettings = {
				ALWAYS_EMBED_SWIFT_STANDARD_LIBRARIES = YES;
				CODE_SIGN_STYLE = Automatic;
				CURRENT_PROJECT_VERSION = 1;
				DEVELOPMENT_TEAM = 8KKCRUJPL5;
				GENERATE_INFOPLIST_FILE = YES;
				MARKETING_VERSION = 1.0;
				PRODUCT_BUNDLE_IDENTIFIER = Terre8055.flowerPotUITests;
				PRODUCT_NAME = "$(TARGET_NAME)";
				SWIFT_EMIT_LOC_STRINGS = NO;
				SWIFT_VERSION = 5.0;
				TEST_TARGET_NAME = flowerPot;
			};
			name = Release;
		};
/* End XCBuildConfiguration section */

/* Begin XCConfigurationList section */
		2761B0B72C429DDD00560CAF /* Build configuration list for PBXProject "flowerPot" */ = {
			isa = XCConfigurationList;
			buildConfigurations = (
				2761B0DF2C429DDF00560CAF /* Debug */,
				2761B0E02C429DDF00560CAF /* Release */,
			);
			defaultConfigurationIsVisible = 0;
			defaultConfigurationName = Release;
		};
		2761B0E12C429DDF00560CAF /* Build configuration list for PBXNativeTarget "flowerPot" */ = {
			isa = XCConfigurationList;
			buildConfigurations = (
				2761B0E22C429DDF00560CAF /* Debug */,
				2761B0E32C429DDF00560CAF /* Release */,
			);
			defaultConfigurationIsVisible = 0;
			defaultConfigurationName = Release;
		};
		2761B0E42C429DDF00560CAF /* Build configuration list for PBXNativeTarget "flowerPotTests" */ = {
			isa = XCConfigurationList;
			buildConfigurations = (
				2761B0E52C429DDF00560CAF /* Debug */,
				2761B0E62C429DDF00560CAF /* Release */,
			);
			defaultConfigurationIsVisible = 0;
			defaultConfigurationName = Release;
		};
		2761B0E72C429DDF00560CAF /* Build configuration list for PBXNativeTarget "flowerPotUITests" */ = {
			isa = XCConfigurationList;
			buildConfigurations = (
				2761B0E82C429DDF00560CAF /* Debug */,
				2761B0E92C429DDF00560CAF /* Release */,
			);
			defaultConfigurationIsVisible = 0;
			defaultConfigurationName = Release;
		};
/* End XCConfigurationList section */
	};
	rootObject = 2761B0B42C429DDD00560CAF /* Project object */;
}
